[[package]]
name = "aiohttp"
version = "3.7.3"
description = "Async http client/server framework (asyncio)"
category = "main"
optional = false
python-versions = ">=3.6"

[package.dependencies]
async-timeout = ">=3.0,<4.0"
attrs = ">=17.3.0"
chardet = ">=2.0,<4.0"
multidict = ">=4.5,<7.0"
typing-extensions = ">=3.6.5"
yarl = ">=1.0,<2.0"

[package.extras]
speedups = ["aiodns", "brotlipy", "cchardet"]

[[package]]
name = "aiohttp-request"
version = "0.0.2"
description = "Global request for aiohttp server"
category = "main"
optional = false
python-versions = ">=3.7.0"

[package.dependencies]
aiohttp = ">=3.3.0"
werkzeug = ">=0.6.1"

[[package]]
name = "aiohttp-swagger3"
version = "0.5.1"
description = "validation for aiohttp swagger openAPI 3"
category = "main"
optional = false
python-versions = ">=3.6"

[package.dependencies]
aiohttp = ">=3.6.2,<3.8"
attrs = ">=19.3.0,<21"
fastjsonschema = ">=2.14.3,<2.15"
pyyaml = ">=5.3,<5.4"
strict-rfc3339 = ">=0.7,<0.8"

[[package]]
name = "aiozipkin"
version = "1.0.0"
description = "Distributed tracing instrumentation for asyncio application with zipkin"
category = "main"
optional = false
python-versions = ">=3.6"

[package.dependencies]
aiohttp = ">=3.7.2"

[[package]]
name = "async-timeout"
version = "3.0.1"
description = "Timeout context manager for asyncio programs"
category = "main"
optional = false
python-versions = ">=3.5.3"

[[package]]
name = "attrs"
version = "20.3.0"
description = "Classes Without Boilerplate"
category = "main"
optional = false
python-versions = ">=2.7, !=3.0.*, !=3.1.*, !=3.2.*, !=3.3.*"

[package.extras]
dev = ["coverage[toml] (>=5.0.2)", "hypothesis", "pympler", "pytest (>=4.3.0)", "six", "zope.interface", "furo", "sphinx", "pre-commit"]
docs = ["furo", "sphinx", "zope.interface"]
tests = ["coverage[toml] (>=5.0.2)", "hypothesis", "pympler", "pytest (>=4.3.0)", "six", "zope.interface"]
tests_no_zope = ["coverage[toml] (>=5.0.2)", "hypothesis", "pympler", "pytest (>=4.3.0)", "six"]

[[package]]
name = "certifi"
version = "2020.11.8"
description = "Python package for providing Mozilla's CA Bundle."
category = "main"
optional = false
python-versions = "*"

[[package]]
name = "chardet"
version = "3.0.4"
description = "Universal encoding detector for Python 2 and 3"
category = "main"
optional = false
python-versions = "*"

[[package]]
name = "cleo"
version = "0.8.1"
description = "Cleo allows you to create beautiful and testable command-line interfaces."
category = "main"
optional = false
python-versions = ">=2.7, !=3.0.*, !=3.1.*, !=3.2.*, !=3.3.*"

[package.dependencies]
clikit = ">=0.6.0,<0.7.0"

[[package]]
name = "clikit"
version = "0.6.2"
description = "CliKit is a group of utilities to build beautiful and testable command line interfaces."
category = "main"
optional = false
python-versions = ">=2.7, !=3.0.*, !=3.1.*, !=3.2.*, !=3.3.*"

[package.dependencies]
crashtest = {version = ">=0.3.0,<0.4.0", markers = "python_version >= \"3.6\" and python_version < \"4.0\""}
pastel = ">=0.2.0,<0.3.0"
pylev = ">=1.3,<2.0"

[[package]]
name = "colorama"
version = "0.4.4"
description = "Cross-platform colored terminal text."
category = "main"
optional = false
python-versions = ">=2.7, !=3.0.*, !=3.1.*, !=3.2.*, !=3.3.*, !=3.4.*"

[[package]]
name = "crashtest"
version = "0.3.1"
description = "Manage Python errors with ease"
category = "main"
optional = false
python-versions = ">=3.6,<4.0"

[[package]]
name = "environs"
version = "9.2.0"
description = "simplified environment variable parsing"
category = "main"
optional = false
python-versions = ">=3.6"

[package.dependencies]
marshmallow = ">=2.7.0"
python-dotenv = "*"

[package.extras]
dev = ["pytest", "dj-database-url", "dj-email-url", "django-cache-url", "flake8 (==3.8.4)", "flake8-bugbear (==20.1.4)", "mypy (==0.790)", "pre-commit (>=2.4,<3.0)", "tox"]
django = ["dj-database-url", "dj-email-url", "django-cache-url"]
lint = ["flake8 (==3.8.4)", "flake8-bugbear (==20.1.4)", "mypy (==0.790)", "pre-commit (>=2.4,<3.0)"]
tests = ["pytest", "dj-database-url", "dj-email-url", "django-cache-url"]

[[package]]
name = "fastjsonschema"
version = "2.14.5"
description = "Fastest Python implementation of JSON schema"
category = "main"
optional = false
python-versions = "*"

[package.extras]
devel = ["colorama", "jsonschema", "json-spec", "pylint", "pytest", "pytest-benchmark", "pytest-cache", "validictory"]

[[package]]
name = "idna"
version = "2.10"
description = "Internationalized Domain Names in Applications (IDNA)"
category = "main"
optional = false
python-versions = ">=2.7, !=3.0.*, !=3.1.*, !=3.2.*, !=3.3.*"

[[package]]
name = "loguru"
version = "0.5.3"
description = "Python logging made (stupidly) simple"
category = "main"
optional = false
python-versions = ">=3.5"

[package.dependencies]
colorama = {version = ">=0.3.4", markers = "sys_platform == \"win32\""}
win32-setctime = {version = ">=1.0.0", markers = "sys_platform == \"win32\""}

[package.extras]
dev = ["codecov (>=2.0.15)", "colorama (>=0.3.4)", "flake8 (>=3.7.7)", "tox (>=3.9.0)", "tox-travis (>=0.12)", "pytest (>=4.6.2)", "pytest-cov (>=2.7.1)", "Sphinx (>=2.2.1)", "sphinx-autobuild (>=0.7.1)", "sphinx-rtd-theme (>=0.4.3)", "black (>=19.10b0)", "isort (>=5.1.1)"]

[[package]]
name = "marshmallow"
version = "3.9.1"
description = "A lightweight library for converting complex datatypes to and from native Python datatypes."
category = "main"
optional = false
python-versions = ">=3.5"

[package.extras]
dev = ["pytest", "pytz", "simplejson", "mypy (==0.790)", "flake8 (==3.8.4)", "flake8-bugbear (==20.1.4)", "pre-commit (>=2.4,<3.0)", "tox"]
docs = ["sphinx (==3.3.0)", "sphinx-issues (==1.2.0)", "alabaster (==0.7.12)", "sphinx-version-warning (==1.1.2)", "autodocsumm (==0.2.1)"]
lint = ["mypy (==0.790)", "flake8 (==3.8.4)", "flake8-bugbear (==20.1.4)", "pre-commit (>=2.4,<3.0)"]
tests = ["pytest", "pytz", "simplejson"]

[[package]]
name = "motor"
version = "2.3.0"
description = "Non-blocking MongoDB driver for Tornado or asyncio"
category = "main"
optional = false
python-versions = ">=3.5.2"

[package.dependencies]
pymongo = ">=3.11,<4"

[[package]]
name = "multidict"
version = "5.0.2"
description = "multidict implementation"
category = "main"
optional = false
python-versions = ">=3.5"

[[package]]
name = "odmantic"
version = "0.3.1"
description = "ODMantic, an AsyncIO MongoDB Object Document Mapper for Python using type hints "
category = "main"
optional = false
python-versions = ">=3.6,<4.0"

[package.dependencies]
motor = ">=2.1.0,<2.4.0"
pydantic = ">=1.6.0,<1.8.0"

[package.extras]
fastapi = ["fastapi (>=0.61.1,<0.62.0)"]

[[package]]
name = "pastel"
version = "0.2.1"
description = "Bring colors to your terminal."
category = "main"
optional = false
python-versions = ">=2.7, !=3.0.*, !=3.1.*, !=3.2.*, !=3.3.*"

[[package]]
name = "pydantic"
version = "1.7.2"
description = "Data validation and settings management using python 3.6 type hinting"
category = "main"
optional = false
python-versions = ">=3.6"

[package.extras]
dotenv = ["python-dotenv (>=0.10.4)"]
email = ["email-validator (>=1.0.3)"]
typing_extensions = ["typing-extensions (>=3.7.2)"]

[[package]]
name = "pylev"
version = "1.3.0"
description = "A pure Python Levenshtein implementation that's not freaking GPL'd."
category = "main"
optional = false
python-versions = "*"

[[package]]
name = "pymongo"
version = "3.11.1"
description = "Python driver for MongoDB <http://www.mongodb.org>"
category = "main"
optional = false
python-versions = "*"

[package.extras]
aws = ["pymongo-auth-aws (<2.0.0)"]
encryption = ["pymongocrypt (<2.0.0)"]
gssapi = ["pykerberos"]
ocsp = ["pyopenssl (>=17.2.0)", "requests (<3.0.0)", "service-identity (>=18.1.0)"]
snappy = ["python-snappy"]
srv = ["dnspython (>=1.16.0,<1.17.0)"]
tls = ["ipaddress"]
zstd = ["zstandard"]

[[package]]
name = "python-dotenv"
version = "0.15.0"
description = "Add .env support to your django/flask apps in development and deployments"
category = "main"
optional = false
python-versions = "*"

[package.extras]
cli = ["click (>=5.0)"]

[[package]]
name = "pyyaml"
version = "5.3.1"
description = "YAML parser and emitter for Python"
category = "main"
optional = false
python-versions = ">=2.7, !=3.0.*, !=3.1.*, !=3.2.*, !=3.3.*, !=3.4.*"

[[package]]
name = "semver"
version = "2.13.0"
description = "Python helper for Semantic Versioning (http://semver.org/)"
category = "main"
optional = false
python-versions = ">=2.7, !=3.0.*, !=3.1.*, !=3.2.*, !=3.3.*"

[[package]]
name = "sentry-sdk"
version = "0.19.4"
description = "Python client for Sentry (https://sentry.io)"
category = "main"
optional = false
python-versions = "*"

[package.dependencies]
certifi = "*"
urllib3 = ">=1.10.0"

[package.extras]
aiohttp = ["aiohttp (>=3.5)"]
beam = ["apache-beam (>=2.12)"]
bottle = ["bottle (>=0.12.13)"]
celery = ["celery (>=3)"]
chalice = ["chalice (>=1.16.0)"]
django = ["django (>=1.8)"]
falcon = ["falcon (>=1.4)"]
flask = ["flask (>=0.11)", "blinker (>=1.1)"]
pure_eval = ["pure-eval", "executing", "asttokens"]
pyspark = ["pyspark (>=2.4.4)"]
rq = ["rq (>=0.6)"]
sanic = ["sanic (>=0.8)"]
sqlalchemy = ["sqlalchemy (>=1.2)"]
tornado = ["tornado (>=5)"]

[[package]]
name = "strict-rfc3339"
version = "0.7"
description = "Strict, simple, lightweight RFC3339 functions"
category = "main"
optional = false
python-versions = "*"

[[package]]
name = "typing-extensions"
version = "3.7.4.3"
description = "Backported and Experimental Type Hints for Python 3.5+"
category = "main"
optional = false
python-versions = "*"

[[package]]
name = "urllib3"
version = "1.26.2"
description = "HTTP library with thread-safe connection pooling, file post, and more."
category = "main"
optional = false
python-versions = ">=2.7, !=3.0.*, !=3.1.*, !=3.2.*, !=3.3.*, !=3.4.*, <4"

[package.extras]
brotli = ["brotlipy (>=0.6.0)"]
secure = ["pyOpenSSL (>=0.14)", "cryptography (>=1.3.4)", "idna (>=2.0.0)", "certifi", "ipaddress"]
socks = ["PySocks (>=1.5.6,!=1.5.7,<2.0)"]

[[package]]
name = "werkzeug"
version = "1.0.1"
description = "The comprehensive WSGI web application library."
category = "main"
optional = false
python-versions = ">=2.7, !=3.0.*, !=3.1.*, !=3.2.*, !=3.3.*, !=3.4.*"

[package.extras]
dev = ["pytest", "pytest-timeout", "coverage", "tox", "sphinx", "pallets-sphinx-themes", "sphinx-issues"]
watchdog = ["watchdog"]

[[package]]
name = "win32-setctime"
version = "1.0.3"
description = "A small Python utility to set file creation time on Windows"
category = "main"
optional = false
python-versions = ">=3.5"

[package.extras]
dev = ["pytest (>=4.6.2)", "black (>=19.3b0)"]

[[package]]
name = "yarl"
version = "1.6.3"
description = "Yet another URL library"
category = "main"
optional = false
python-versions = ">=3.6"

[package.dependencies]
idna = ">=2.0"
multidict = ">=4.0"

[metadata]
lock-version = "1.1"
python-versions = "^3.8"
content-hash = "ca86ab0e45f5ee2aed46bc56d9d094a0d198b87fa4daaf9d84507ef8be637828"

[metadata.files]
aiohttp = [
    {file = "aiohttp-3.7.3-cp36-cp36m-macosx_10_14_x86_64.whl", hash = "sha256:328b552513d4f95b0a2eea4c8573e112866107227661834652a8984766aa7656"},
    {file = "aiohttp-3.7.3-cp36-cp36m-manylinux1_i686.whl", hash = "sha256:c733ef3bdcfe52a1a75564389bad4064352274036e7e234730526d155f04d914"},
    {file = "aiohttp-3.7.3-cp36-cp36m-manylinux2014_aarch64.whl", hash = "sha256:2858b2504c8697beb9357be01dc47ef86438cc1cb36ecb6991796d19475faa3e"},
    {file = "aiohttp-3.7.3-cp36-cp36m-manylinux2014_i686.whl", hash = "sha256:d2cfac21e31e841d60dc28c0ec7d4ec47a35c608cb8906435d47ef83ffb22150"},
    {file = "aiohttp-3.7.3-cp36-cp36m-manylinux2014_ppc64le.whl", hash = "sha256:3228b7a51e3ed533f5472f54f70fd0b0a64c48dc1649a0f0e809bec312934d7a"},
    {file = "aiohttp-3.7.3-cp36-cp36m-manylinux2014_s390x.whl", hash = "sha256:dcc119db14757b0c7bce64042158307b9b1c76471e655751a61b57f5a0e4d78e"},
    {file = "aiohttp-3.7.3-cp36-cp36m-manylinux2014_x86_64.whl", hash = "sha256:7d9b42127a6c0bdcc25c3dcf252bb3ddc70454fac593b1b6933ae091396deb13"},
    {file = "aiohttp-3.7.3-cp36-cp36m-win32.whl", hash = "sha256:df48a623c58180874d7407b4d9ec06a19b84ed47f60a3884345b1a5099c1818b"},
    {file = "aiohttp-3.7.3-cp36-cp36m-win_amd64.whl", hash = "sha256:0b795072bb1bf87b8620120a6373a3c61bfcb8da7e5c2377f4bb23ff4f0b62c9"},
    {file = "aiohttp-3.7.3-cp37-cp37m-macosx_10_14_x86_64.whl", hash = "sha256:0d438c8ca703b1b714e82ed5b7a4412c82577040dadff479c08405e2a715564f"},
    {file = "aiohttp-3.7.3-cp37-cp37m-manylinux1_i686.whl", hash = "sha256:8389d6044ee4e2037dca83e3f6994738550f6ee8cfb746762283fad9b932868f"},
    {file = "aiohttp-3.7.3-cp37-cp37m-manylinux2014_aarch64.whl", hash = "sha256:3ea8c252d8df5e9166bcf3d9edced2af132f4ead8ac422eac723c5781063709a"},
    {file = "aiohttp-3.7.3-cp37-cp37m-manylinux2014_i686.whl", hash = "sha256:78e2f18a82b88cbc37d22365cf8d2b879a492faedb3f2975adb4ed8dfe994d3a"},
    {file = "aiohttp-3.7.3-cp37-cp37m-manylinux2014_ppc64le.whl", hash = "sha256:df3a7b258cc230a65245167a202dd07320a5af05f3d41da1488ba0fa05bc9347"},
    {file = "aiohttp-3.7.3-cp37-cp37m-manylinux2014_s390x.whl", hash = "sha256:f326b3c1bbfda5b9308252ee0dcb30b612ee92b0e105d4abec70335fab5b1245"},
    {file = "aiohttp-3.7.3-cp37-cp37m-manylinux2014_x86_64.whl", hash = "sha256:5e479df4b2d0f8f02133b7e4430098699450e1b2a826438af6bec9a400530957"},
    {file = "aiohttp-3.7.3-cp37-cp37m-win32.whl", hash = "sha256:6d42debaf55450643146fabe4b6817bb2a55b23698b0434107e892a43117285e"},
    {file = "aiohttp-3.7.3-cp37-cp37m-win_amd64.whl", hash = "sha256:c9c58b0b84055d8bc27b7df5a9d141df4ee6ff59821f922dd73155861282f6a3"},
    {file = "aiohttp-3.7.3-cp38-cp38-macosx_10_14_x86_64.whl", hash = "sha256:f411cb22115cb15452d099fec0ee636b06cf81bfb40ed9c02d30c8dc2bc2e3d1"},
    {file = "aiohttp-3.7.3-cp38-cp38-manylinux1_i686.whl", hash = "sha256:c1e0920909d916d3375c7a1fdb0b1c78e46170e8bb42792312b6eb6676b2f87f"},
    {file = "aiohttp-3.7.3-cp38-cp38-manylinux2014_aarch64.whl", hash = "sha256:59d11674964b74a81b149d4ceaff2b674b3b0e4d0f10f0be1533e49c4a28408b"},
    {file = "aiohttp-3.7.3-cp38-cp38-manylinux2014_i686.whl", hash = "sha256:41608c0acbe0899c852281978492f9ce2c6fbfaf60aff0cefc54a7c4516b822c"},
    {file = "aiohttp-3.7.3-cp38-cp38-manylinux2014_ppc64le.whl", hash = "sha256:16a3cb5df5c56f696234ea9e65e227d1ebe9c18aa774d36ff42f532139066a5f"},
    {file = "aiohttp-3.7.3-cp38-cp38-manylinux2014_s390x.whl", hash = "sha256:6ccc43d68b81c424e46192a778f97da94ee0630337c9bbe5b2ecc9b0c1c59001"},
    {file = "aiohttp-3.7.3-cp38-cp38-manylinux2014_x86_64.whl", hash = "sha256:d03abec50df423b026a5aa09656bd9d37f1e6a49271f123f31f9b8aed5dc3ea3"},
    {file = "aiohttp-3.7.3-cp38-cp38-win32.whl", hash = "sha256:39f4b0a6ae22a1c567cb0630c30dd082481f95c13ca528dc501a7766b9c718c0"},
    {file = "aiohttp-3.7.3-cp38-cp38-win_amd64.whl", hash = "sha256:c68fdf21c6f3573ae19c7ee65f9ff185649a060c9a06535e9c3a0ee0bbac9235"},
    {file = "aiohttp-3.7.3-cp39-cp39-macosx_10_14_x86_64.whl", hash = "sha256:710376bf67d8ff4500a31d0c207b8941ff4fba5de6890a701d71680474fe2a60"},
    {file = "aiohttp-3.7.3-cp39-cp39-manylinux1_i686.whl", hash = "sha256:2406dc1dda01c7f6060ab586e4601f18affb7a6b965c50a8c90ff07569cf782a"},
    {file = "aiohttp-3.7.3-cp39-cp39-manylinux2014_aarch64.whl", hash = "sha256:2a7b7640167ab536c3cb90cfc3977c7094f1c5890d7eeede8b273c175c3910fd"},
    {file = "aiohttp-3.7.3-cp39-cp39-manylinux2014_i686.whl", hash = "sha256:684850fb1e3e55c9220aad007f8386d8e3e477c4ec9211ae54d968ecdca8c6f9"},
    {file = "aiohttp-3.7.3-cp39-cp39-manylinux2014_ppc64le.whl", hash = "sha256:1edfd82a98c5161497bbb111b2b70c0813102ad7e0aa81cbeb34e64c93863005"},
    {file = "aiohttp-3.7.3-cp39-cp39-manylinux2014_s390x.whl", hash = "sha256:77149002d9386fae303a4a162e6bce75cc2161347ad2ba06c2f0182561875d45"},
    {file = "aiohttp-3.7.3-cp39-cp39-manylinux2014_x86_64.whl", hash = "sha256:756ae7efddd68d4ea7d89c636b703e14a0c686688d42f588b90778a3c2fc0564"},
    {file = "aiohttp-3.7.3-cp39-cp39-win32.whl", hash = "sha256:3b0036c978cbcc4a4512278e98e3e6d9e6b834dc973206162eddf98b586ef1c6"},
    {file = "aiohttp-3.7.3-cp39-cp39-win_amd64.whl", hash = "sha256:e1b95972a0ae3f248a899cdbac92ba2e01d731225f566569311043ce2226f5e7"},
    {file = "aiohttp-3.7.3.tar.gz", hash = "sha256:9c1a81af067e72261c9cbe33ea792893e83bc6aa987bfbd6fdc1e5e7b22777c4"},
]
aiohttp-request = [
    {file = "aiohttp_request-0.0.2.tar.gz", hash = "sha256:e17701b995fccb036971bd82e7616e809ccb776bf61084c24f4f3bfbf54fdfbf"},
]
aiohttp-swagger3 = [
    {file = "aiohttp-swagger3-0.5.1.tar.gz", hash = "sha256:29c8d7330b55fbfe3a1d4f75ba2a4c977342738d0f0cc1402bb249e6608a6a06"},
    {file = "aiohttp_swagger3-0.5.1-py3-none-any.whl", hash = "sha256:880578bde600bead2b5ea056fefabf406459f48486645f058da028151e578906"},
]
aiozipkin = [
    {file = "aiozipkin-1.0.0-py3-none-any.whl", hash = "sha256:06eb23a1b31d8a332ea660de2771c1a77195894229e47c41c12ce7f731831598"},
    {file = "aiozipkin-1.0.0.tar.gz", hash = "sha256:59714f1214043368a9c00df8646a64fc369355046690a60e42addc3621d01af2"},
]
async-timeout = [
    {file = "async-timeout-3.0.1.tar.gz", hash = "sha256:0c3c816a028d47f659d6ff5c745cb2acf1f966da1fe5c19c77a70282b25f4c5f"},
    {file = "async_timeout-3.0.1-py3-none-any.whl", hash = "sha256:4291ca197d287d274d0b6cb5d6f8f8f82d434ed288f962539ff18cc9012f9ea3"},
]
attrs = [
    {file = "attrs-20.3.0-py2.py3-none-any.whl", hash = "sha256:31b2eced602aa8423c2aea9c76a724617ed67cf9513173fd3a4f03e3a929c7e6"},
    {file = "attrs-20.3.0.tar.gz", hash = "sha256:832aa3cde19744e49938b91fea06d69ecb9e649c93ba974535d08ad92164f700"},
]
certifi = [
    {file = "certifi-2020.11.8-py2.py3-none-any.whl", hash = "sha256:1f422849db327d534e3d0c5f02a263458c3955ec0aae4ff09b95f195c59f4edd"},
    {file = "certifi-2020.11.8.tar.gz", hash = "sha256:f05def092c44fbf25834a51509ef6e631dc19765ab8a57b4e7ab85531f0a9cf4"},
]
chardet = [
    {file = "chardet-3.0.4-py2.py3-none-any.whl", hash = "sha256:fc323ffcaeaed0e0a02bf4d117757b98aed530d9ed4531e3e15460124c106691"},
    {file = "chardet-3.0.4.tar.gz", hash = "sha256:84ab92ed1c4d4f16916e05906b6b75a6c0fb5db821cc65e70cbd64a3e2a5eaae"},
]
cleo = [
    {file = "cleo-0.8.1-py2.py3-none-any.whl", hash = "sha256:141cda6dc94a92343be626bb87a0b6c86ae291dfc732a57bf04310d4b4201753"},
    {file = "cleo-0.8.1.tar.gz", hash = "sha256:3d0e22d30117851b45970b6c14aca4ab0b18b1b53c8af57bed13208147e4069f"},
]
clikit = [
    {file = "clikit-0.6.2-py2.py3-none-any.whl", hash = "sha256:71268e074e68082306e23d7369a7b99f824a0ef926e55ba2665e911f7208489e"},
    {file = "clikit-0.6.2.tar.gz", hash = "sha256:442ee5db9a14120635c5990bcdbfe7c03ada5898291f0c802f77be71569ded59"},
]
colorama = [
    {file = "colorama-0.4.4-py2.py3-none-any.whl", hash = "sha256:9f47eda37229f68eee03b24b9748937c7dc3868f906e8ba69fbcbdd3bc5dc3e2"},
    {file = "colorama-0.4.4.tar.gz", hash = "sha256:5941b2b48a20143d2267e95b1c2a7603ce057ee39fd88e7329b0c292aa16869b"},
]
crashtest = [
    {file = "crashtest-0.3.1-py3-none-any.whl", hash = "sha256:300f4b0825f57688b47b6d70c6a31de33512eb2fa1ac614f780939aa0cf91680"},
    {file = "crashtest-0.3.1.tar.gz", hash = "sha256:42ca7b6ce88b6c7433e2ce47ea884e91ec93104a4b754998be498a8e6c3d37dd"},
]
environs = [
    {file = "environs-9.2.0-py2.py3-none-any.whl", hash = "sha256:10dca340bff9c912e99d237905909390365e32723c2785a9f3afa6ef426c53bc"},
    {file = "environs-9.2.0.tar.gz", hash = "sha256:36081033ab34a725c2414f48ee7ec7f7c57e498d8c9255d61fbc7f2d4bf60865"},
]
fastjsonschema = [
    {file = "fastjsonschema-2.14.5-py3-none-any.whl", hash = "sha256:467593c61f5ba8307205a3536313a774b37df91c9a937c5267c11aee5256e77e"},
    {file = "fastjsonschema-2.14.5.tar.gz", hash = "sha256:afbc235655f06356e46caa80190512e4d9222abfaca856041be5a74c665fa094"},
]
idna = [
    {file = "idna-2.10-py2.py3-none-any.whl", hash = "sha256:b97d804b1e9b523befed77c48dacec60e6dcb0b5391d57af6a65a312a90648c0"},
    {file = "idna-2.10.tar.gz", hash = "sha256:b307872f855b18632ce0c21c5e45be78c0ea7ae4c15c828c20788b26921eb3f6"},
]
loguru = [
    {file = "loguru-0.5.3-py3-none-any.whl", hash = "sha256:f8087ac396b5ee5f67c963b495d615ebbceac2796379599820e324419d53667c"},
    {file = "loguru-0.5.3.tar.gz", hash = "sha256:b28e72ac7a98be3d28ad28570299a393dfcd32e5e3f6a353dec94675767b6319"},
]
marshmallow = [
    {file = "marshmallow-3.9.1-py2.py3-none-any.whl", hash = "sha256:e26763201474b588d144dae9a32bdd945cd26a06c943bc746a6882e850475378"},
    {file = "marshmallow-3.9.1.tar.gz", hash = "sha256:73facc37462dfc0b27f571bdaffbef7709e19f7a616beb3802ea425b07843f4e"},
]
motor = [
    {file = "motor-2.3.0-py3-none-any.whl", hash = "sha256:428d94750123d19fcd0a89b8671ff9b4656f205217bad9f44161748c64c5fc80"},
    {file = "motor-2.3.0.tar.gz", hash = "sha256:f1692b760d834707e3477996ce8d407af8cd61c1a2abedbf81c22ef14675e61a"},
]
multidict = [
    {file = "multidict-5.0.2-cp36-cp36m-macosx_10_14_x86_64.whl", hash = "sha256:b82400ef848bbac6b9035a105ac6acaa1fb3eea0d164e35bbb21619b88e49fed"},
    {file = "multidict-5.0.2-cp36-cp36m-manylinux1_i686.whl", hash = "sha256:b98af08d7bb37d3456a22f689819ea793e8d6961b9629322d7728c4039071641"},
    {file = "multidict-5.0.2-cp36-cp36m-manylinux2014_aarch64.whl", hash = "sha256:d4a6fb98e9e9be3f7d70fd3e852369c00a027bd5ed0f3e8ade3821bcad257408"},
    {file = "multidict-5.0.2-cp36-cp36m-manylinux2014_i686.whl", hash = "sha256:2ab9cad4c5ef5c41e1123ed1f89f555aabefb9391d4e01fd6182de970b7267ed"},
    {file = "multidict-5.0.2-cp36-cp36m-manylinux2014_ppc64le.whl", hash = "sha256:62abab8088704121297d39c8f47156cb8fab1da731f513e59ba73946b22cf3d0"},
    {file = "multidict-5.0.2-cp36-cp36m-manylinux2014_s390x.whl", hash = "sha256:59182e975b8c197d0146a003d0f0d5dc5487ce4899502061d8df585b0f51fba2"},
    {file = "multidict-5.0.2-cp36-cp36m-manylinux2014_x86_64.whl", hash = "sha256:76cbdb22f48de64811f9ce1dd4dee09665f84f32d6a26de249a50c1e90e244e0"},
    {file = "multidict-5.0.2-cp36-cp36m-win32.whl", hash = "sha256:653b2bbb0bbf282c37279dd04f429947ac92713049e1efc615f68d4e64b1dbc2"},
    {file = "multidict-5.0.2-cp36-cp36m-win_amd64.whl", hash = "sha256:c58e53e1c73109fdf4b759db9f2939325f510a8a5215135330fe6755921e4886"},
    {file = "multidict-5.0.2-cp37-cp37m-macosx_10_14_x86_64.whl", hash = "sha256:359ea00e1b53ceef282232308da9d9a3f60d645868a97f64df19485c7f9ef628"},
    {file = "multidict-5.0.2-cp37-cp37m-manylinux1_i686.whl", hash = "sha256:b561e76c9e21402d9a446cdae13398f9942388b9bff529f32dfa46220af54d00"},
    {file = "multidict-5.0.2-cp37-cp37m-manylinux2014_aarch64.whl", hash = "sha256:9380b3f2b00b23a4106ba9dd022df3e6e2e84e1788acdbdd27603b621b3288df"},
    {file = "multidict-5.0.2-cp37-cp37m-manylinux2014_i686.whl", hash = "sha256:1cd102057b09223b919f9447c669cf2efabeefb42a42ae6233f25ffd7ee31a79"},
    {file = "multidict-5.0.2-cp37-cp37m-manylinux2014_ppc64le.whl", hash = "sha256:d99da85d6890267292065e654a329e1d2f483a5d2485e347383800e616a8c0b1"},
    {file = "multidict-5.0.2-cp37-cp37m-manylinux2014_s390x.whl", hash = "sha256:f612e8ef8408391a4a3366e3508bab8ef97b063b4918a317cb6e6de4415f01af"},
    {file = "multidict-5.0.2-cp37-cp37m-manylinux2014_x86_64.whl", hash = "sha256:6128d2c0956fd60e39ec7d1c8f79426f0c915d36458df59ddd1f0cff0340305f"},
    {file = "multidict-5.0.2-cp37-cp37m-win32.whl", hash = "sha256:9ed9b280f7778ad6f71826b38a73c2fdca4077817c64bc1102fdada58e75c03c"},
    {file = "multidict-5.0.2-cp37-cp37m-win_amd64.whl", hash = "sha256:f65a2442c113afde52fb09f9a6276bbc31da71add99dc76c3adf6083234e07c6"},
    {file = "multidict-5.0.2-cp38-cp38-macosx_10_14_x86_64.whl", hash = "sha256:2576e30bbec004e863d87216bc34abe24962cc2e964613241a1c01c7681092ab"},
    {file = "multidict-5.0.2-cp38-cp38-manylinux1_i686.whl", hash = "sha256:20cc9b2dd31761990abff7d0e63cd14dbfca4ebb52a77afc917b603473951a38"},
    {file = "multidict-5.0.2-cp38-cp38-manylinux2014_aarch64.whl", hash = "sha256:6566749cd78cb37cbf8e8171b5cd2cbfc03c99f0891de12255cf17a11c07b1a3"},
    {file = "multidict-5.0.2-cp38-cp38-manylinux2014_i686.whl", hash = "sha256:6168839491a533fa75f3f5d48acbb829475e6c7d9fa5c6e245153b5f79b986a3"},
    {file = "multidict-5.0.2-cp38-cp38-manylinux2014_ppc64le.whl", hash = "sha256:e58db0e0d60029915f7fc95a8683fa815e204f2e1990f1fb46a7778d57ca8c35"},
    {file = "multidict-5.0.2-cp38-cp38-manylinux2014_s390x.whl", hash = "sha256:8fa4549f341a057feec4c3139056ba73e17ed03a506469f447797a51f85081b5"},
    {file = "multidict-5.0.2-cp38-cp38-manylinux2014_x86_64.whl", hash = "sha256:06f39f0ddc308dab4e5fa282d145f90cd38d7ed75390fc83335636909a9ec191"},
    {file = "multidict-5.0.2-cp38-cp38-win32.whl", hash = "sha256:8efcf070d60fd497db771429b1c769a3783e3a0dd96c78c027e676990176adc5"},
    {file = "multidict-5.0.2-cp38-cp38-win_amd64.whl", hash = "sha256:060d68ae3e674c913ec41a464916f12c4d7ff17a3a9ebbf37ba7f2c681c2b33e"},
    {file = "multidict-5.0.2-cp39-cp39-macosx_10_14_x86_64.whl", hash = "sha256:4a3f19da871befa53b48dd81ee48542f519beffa13090dc135fffc18d8fe36db"},
    {file = "multidict-5.0.2-cp39-cp39-manylinux1_i686.whl", hash = "sha256:af271c2540d1cd2a137bef8d95a8052230aa1cda26dd3b2c73d858d89993d518"},
    {file = "multidict-5.0.2-cp39-cp39-manylinux2014_aarch64.whl", hash = "sha256:3e61cc244fd30bd9fdfae13bdd0c5ec65da51a86575ff1191255cae677045ffe"},
    {file = "multidict-5.0.2-cp39-cp39-manylinux2014_i686.whl", hash = "sha256:4df708ef412fd9b59b7e6c77857e64c1f6b4c0116b751cb399384ec9a28baa66"},
    {file = "multidict-5.0.2-cp39-cp39-manylinux2014_ppc64le.whl", hash = "sha256:cbabfc12b401d074298bfda099c58dfa5348415ae2e4ec841290627cb7cb6b2e"},
    {file = "multidict-5.0.2-cp39-cp39-manylinux2014_s390x.whl", hash = "sha256:43c7a87d8c31913311a1ab24b138254a0ee89142983b327a2c2eab7a7d10fea9"},
    {file = "multidict-5.0.2-cp39-cp39-manylinux2014_x86_64.whl", hash = "sha256:fa0503947a99a1be94f799fac89d67a5e20c333e78ddae16e8534b151cdc588a"},
    {file = "multidict-5.0.2-cp39-cp39-win32.whl", hash = "sha256:17847fede1aafdb7e74e01bb34ab47a1a1ea726e8184c623c45d7e428d2d5d34"},
    {file = "multidict-5.0.2-cp39-cp39-win_amd64.whl", hash = "sha256:a7b8b5bd16376c8ac2977748bd978a200326af5145d8d0e7f799e2b355d425b6"},
    {file = "multidict-5.0.2.tar.gz", hash = "sha256:e5bf89fe57f702a046c7ec718fe330ed50efd4bcf74722940db2eb0919cddb1c"},
]
odmantic = [
    {file = "ODMantic-0.3.1-py3-none-any.whl", hash = "sha256:9e1277047977ae2293c3f2fe184f8ae47ae96977f8e6ef27a67d754d0c4814e1"},
    {file = "ODMantic-0.3.1.tar.gz", hash = "sha256:50af1039598b3dcb6a1be492adefe4e64851eadde518a288fdb1f9a7286b8a9d"},
]
pastel = [
    {file = "pastel-0.2.1-py2.py3-none-any.whl", hash = "sha256:4349225fcdf6c2bb34d483e523475de5bb04a5c10ef711263452cb37d7dd4364"},
    {file = "pastel-0.2.1.tar.gz", hash = "sha256:e6581ac04e973cac858828c6202c1e1e81fee1dc7de7683f3e1ffe0bfd8a573d"},
]
pydantic = [
    {file = "pydantic-1.7.2-cp36-cp36m-macosx_10_9_x86_64.whl", hash = "sha256:dfaa6ed1d509b5aef4142084206584280bb6e9014f01df931ec6febdad5b200a"},
    {file = "pydantic-1.7.2-cp36-cp36m-manylinux1_i686.whl", hash = "sha256:2182ba2a9290964b278bcc07a8d24207de709125d520efec9ad6fa6f92ee058d"},
    {file = "pydantic-1.7.2-cp36-cp36m-manylinux2014_i686.whl", hash = "sha256:0fe8b45d31ae53d74a6aa0bf801587bd49970070eac6a6326f9fa2a302703b8a"},
    {file = "pydantic-1.7.2-cp36-cp36m-manylinux2014_x86_64.whl", hash = "sha256:01f0291f4951580f320f7ae3f2ecaf0044cdebcc9b45c5f882a7e84453362420"},
    {file = "pydantic-1.7.2-cp36-cp36m-win_amd64.whl", hash = "sha256:4ba6b903e1b7bd3eb5df0e78d7364b7e831ed8b4cd781ebc3c4f1077fbcb72a4"},
    {file = "pydantic-1.7.2-cp37-cp37m-macosx_10_9_x86_64.whl", hash = "sha256:b11fc9530bf0698c8014b2bdb3bbc50243e82a7fa2577c8cfba660bcc819e768"},
    {file = "pydantic-1.7.2-cp37-cp37m-manylinux1_i686.whl", hash = "sha256:a3c274c49930dc047a75ecc865e435f3df89715c775db75ddb0186804d9b04d0"},
    {file = "pydantic-1.7.2-cp37-cp37m-manylinux2014_i686.whl", hash = "sha256:c68b5edf4da53c98bb1ccb556ae8f655575cb2e676aef066c12b08c724a3f1a1"},
    {file = "pydantic-1.7.2-cp37-cp37m-manylinux2014_x86_64.whl", hash = "sha256:95d4410c4e429480c736bba0db6cce5aaa311304aea685ebcf9ee47571bfd7c8"},
    {file = "pydantic-1.7.2-cp37-cp37m-win_amd64.whl", hash = "sha256:a2fc7bf77ed4a7a961d7684afe177ff59971828141e608f142e4af858e07dddc"},
    {file = "pydantic-1.7.2-cp38-cp38-macosx_10_9_x86_64.whl", hash = "sha256:b9572c0db13c8658b4a4cb705dcaae6983aeb9842248b36761b3fbc9010b740f"},
    {file = "pydantic-1.7.2-cp38-cp38-manylinux1_i686.whl", hash = "sha256:f83f679e727742b0c465e7ef992d6da4a7e5268b8edd8fdaf5303276374bef52"},
    {file = "pydantic-1.7.2-cp38-cp38-manylinux2014_i686.whl", hash = "sha256:e5fece30e80087d9b7986104e2ac150647ec1658c4789c89893b03b100ca3164"},
    {file = "pydantic-1.7.2-cp38-cp38-manylinux2014_x86_64.whl", hash = "sha256:ce2d452961352ba229fe1e0b925b41c0c37128f08dddb788d0fd73fd87ea0f66"},
    {file = "pydantic-1.7.2-cp38-cp38-win_amd64.whl", hash = "sha256:fc21a37ff3f545de80b166e1735c4172b41b017948a3fb2d5e2f03c219eac50a"},
    {file = "pydantic-1.7.2-cp39-cp39-macosx_10_9_x86_64.whl", hash = "sha256:c9760d1556ec59ff745f88269a8f357e2b7afc75c556b3a87b8dda5bc62da8ba"},
    {file = "pydantic-1.7.2-cp39-cp39-manylinux1_i686.whl", hash = "sha256:2c1673633ad1eea78b1c5c420a47cd48717d2ef214c8230d96ca2591e9e00958"},
    {file = "pydantic-1.7.2-cp39-cp39-manylinux2014_i686.whl", hash = "sha256:388c0c26c574ff49bad7d0fd6ed82fbccd86a0473fa3900397d3354c533d6ebb"},
    {file = "pydantic-1.7.2-cp39-cp39-manylinux2014_x86_64.whl", hash = "sha256:ab1d5e4d8de00575957e1c982b951bffaedd3204ddd24694e3baca3332e53a23"},
    {file = "pydantic-1.7.2-cp39-cp39-win_amd64.whl", hash = "sha256:f045cf7afb3352a03bc6cb993578a34560ac24c5d004fa33c76efec6ada1361a"},
    {file = "pydantic-1.7.2-py3-none-any.whl", hash = "sha256:6665f7ab7fbbf4d3c1040925ff4d42d7549a8c15fe041164adfe4fc2134d4cce"},
    {file = "pydantic-1.7.2.tar.gz", hash = "sha256:c8200aecbd1fb914e1bd061d71a4d1d79ecb553165296af0c14989b89e90d09b"},
]
pylev = [
    {file = "pylev-1.3.0-py2.py3-none-any.whl", hash = "sha256:1d29a87beb45ebe1e821e7a3b10da2b6b2f4c79b43f482c2df1a1f748a6e114e"},
    {file = "pylev-1.3.0.tar.gz", hash = "sha256:063910098161199b81e453025653ec53556c1be7165a9b7c50be2f4d57eae1c3"},
]
pymongo = [
    {file = "pymongo-3.11.1-cp27-cp27m-macosx_10_14_intel.whl", hash = "sha256:016e8162b57e2a45cb8d2356f39795ccff2ee65fd79fe078de4f9aa78ef1994b"},
    {file = "pymongo-3.11.1-cp27-cp27m-manylinux1_i686.whl", hash = "sha256:f1ee136a8648cd76b44afdff99096823e68be90d02188d30e2ccd00b58e9b353"},
    {file = "pymongo-3.11.1-cp27-cp27m-manylinux1_x86_64.whl", hash = "sha256:0b5aa85a04efcf22c176de25e3fce675510d7700f523728fa9485d576db41358"},
    {file = "pymongo-3.11.1-cp27-cp27m-win32.whl", hash = "sha256:9f672a8b5972a2db3284f8c0324dcaaeceedead9b4e5c836e93092b599f2dbf0"},
    {file = "pymongo-3.11.1-cp27-cp27m-win_amd64.whl", hash = "sha256:be124527bfc30869e8a17915e1e960150757553d58c98e56c598fbb85697e32e"},
    {file = "pymongo-3.11.1-cp27-cp27mu-manylinux1_i686.whl", hash = "sha256:4da19b5c555cf1d8b8a0b980d9c97b1b0f27e05bcf278bf64cc6c30b697a59f9"},
    {file = "pymongo-3.11.1-cp27-cp27mu-manylinux1_x86_64.whl", hash = "sha256:e3158d2824391c52020d67e629d2586af774b543a75dc9f64eb830991ac2776e"},
    {file = "pymongo-3.11.1-cp34-cp34m-macosx_10_6_intel.whl", hash = "sha256:d349cfc776f8859c2f99ff916e307555f5615ffabfbd6162f3822f21aa1e22ed"},
    {file = "pymongo-3.11.1-cp34-cp34m-manylinux1_i686.whl", hash = "sha256:e6e6089393646c1ef865484c27871d52ead69641dce5b53cbae2096cec615151"},
    {file = "pymongo-3.11.1-cp34-cp34m-manylinux1_x86_64.whl", hash = "sha256:5a88fad3dcfaa222383ceb53af9a030a841ad998636648a748d79515c8afb6b4"},
    {file = "pymongo-3.11.1-cp34-cp34m-win32.whl", hash = "sha256:e83d61f9a247344c701147934f203117c3064c982d35396565a6ca8356bc0ea9"},
    {file = "pymongo-3.11.1-cp34-cp34m-win_amd64.whl", hash = "sha256:dbc23ece1b111a10eb6d2475a7726b70418303d2e05078d223e7f97b286745a7"},
    {file = "pymongo-3.11.1-cp35-cp35m-macosx_10_6_intel.whl", hash = "sha256:4cc8cf971ee53ad65e53b80a6f611070dbe55640b447ae9b2b98329aebd21155"},
    {file = "pymongo-3.11.1-cp35-cp35m-manylinux1_i686.whl", hash = "sha256:bb3f19af1949cbf93b17021c8c61e14e697c3f5c8923134b085dcef9d271b699"},
    {file = "pymongo-3.11.1-cp35-cp35m-manylinux1_x86_64.whl", hash = "sha256:319f1b5a8373e280026905093aaacf4cca858a9ae653e456b9f9f9ad5f308088"},
    {file = "pymongo-3.11.1-cp35-cp35m-manylinux2014_aarch64.whl", hash = "sha256:eebe522043450e8cf83ab7be2fc0268dfe702de586970d752cb012d6ce72309f"},
    {file = "pymongo-3.11.1-cp35-cp35m-manylinux2014_i686.whl", hash = "sha256:17a3b2148b9e0914dc5f0d6a5c636f81dc4b428b80ea45576f79cfe619844c6d"},
    {file = "pymongo-3.11.1-cp35-cp35m-manylinux2014_ppc64le.whl", hash = "sha256:5012342f457a544818254a89f7e7a4ecd05c4eaa89ed68ae58727039c92ff0f7"},
    {file = "pymongo-3.11.1-cp35-cp35m-manylinux2014_s390x.whl", hash = "sha256:74b6e8e240e53518a701f4cd56a518c8de2631d6019e93295499db15cf46d973"},
    {file = "pymongo-3.11.1-cp35-cp35m-manylinux2014_x86_64.whl", hash = "sha256:e6d72517fa7370841981770c3802e7a8ca7e94ead1fba9981349fbe8e539f7eb"},
    {file = "pymongo-3.11.1-cp35-cp35m-win32.whl", hash = "sha256:a6bf56c1f6d13b0e22db604c73fba6feca088fe7f6aa978cc215f83e2005d765"},
    {file = "pymongo-3.11.1-cp35-cp35m-win_amd64.whl", hash = "sha256:079a30c21d3c334ee65581a8cac5380e94521970423996c5b18a7c550230d94c"},
    {file = "pymongo-3.11.1-cp36-cp36m-macosx_10_6_intel.whl", hash = "sha256:78d4142116d6d910f1c195f3253b6209f21bb1b06fb6c6ebf90cbf80518c4071"},
    {file = "pymongo-3.11.1-cp36-cp36m-manylinux1_i686.whl", hash = "sha256:3b8076ff801dca0920f1b5c76a0e062dc26bb76de7e79efcf347c3a5ff776127"},
    {file = "pymongo-3.11.1-cp36-cp36m-manylinux1_x86_64.whl", hash = "sha256:b6282855f9193f4e7ae07c2d138b583d487d0e66add62eda7013365815188ce9"},
    {file = "pymongo-3.11.1-cp36-cp36m-manylinux2014_aarch64.whl", hash = "sha256:5fc04e445e58103bfddb601822ab355ffb8fb760142593e2b0f20c3940859352"},
    {file = "pymongo-3.11.1-cp36-cp36m-manylinux2014_i686.whl", hash = "sha256:f648d58915eb339329741296599fb25bc2a76474e64bdfeae4423ae83b312fb8"},
    {file = "pymongo-3.11.1-cp36-cp36m-manylinux2014_ppc64le.whl", hash = "sha256:2542b21b08dc30bf0a69de55a42225f25b0af0dea7852edf2011952abb50e7b4"},
    {file = "pymongo-3.11.1-cp36-cp36m-manylinux2014_s390x.whl", hash = "sha256:1529b23a51ef8613712b3e19225690564955250932d58487af6c060413ce0f1f"},
    {file = "pymongo-3.11.1-cp36-cp36m-manylinux2014_x86_64.whl", hash = "sha256:e9d7af8f668d2880fff8539188694e75e0b91d37174672a59dc5c5a0fea9f60d"},
    {file = "pymongo-3.11.1-cp36-cp36m-win32.whl", hash = "sha256:cc375f5cea8635597c21ff6bc61486ebe5dca5e662982c9e2b58a9106f92b56e"},
    {file = "pymongo-3.11.1-cp36-cp36m-win_amd64.whl", hash = "sha256:aacc9b646e142e7d32b88f0dccc6ab28f669ecf3ccc7212a274b99c83e228ef1"},
    {file = "pymongo-3.11.1-cp37-cp37m-macosx_10_6_intel.whl", hash = "sha256:b3b939780963164086fc256436c1bf9301d4c5c99026e2c281b21237234aaa2c"},
    {file = "pymongo-3.11.1-cp37-cp37m-manylinux1_i686.whl", hash = "sha256:1f5fabe75c9b7eb5a42dac9717f952a879ab3705bcf7e9ef744cdbdfd37bcf3d"},
    {file = "pymongo-3.11.1-cp37-cp37m-manylinux1_x86_64.whl", hash = "sha256:8becbccb58b7b37ce2aa5f387f298914ec520747f11edfbc31347bd2ba7e3481"},
    {file = "pymongo-3.11.1-cp37-cp37m-manylinux2014_aarch64.whl", hash = "sha256:9a5667eb4bc9ed805d1a06ca8b5ff7ee25df666b05cbb8f58f9ac16cac243d0b"},
    {file = "pymongo-3.11.1-cp37-cp37m-manylinux2014_i686.whl", hash = "sha256:e5b4ba4939c2ab6550ecef1ccd7b00537de7a7e18a8f03bce0fc4786111b4d47"},
    {file = "pymongo-3.11.1-cp37-cp37m-manylinux2014_ppc64le.whl", hash = "sha256:6e7b2b589a600f467e9159df907638c2d08aca46b0f74d88ceeaa185abd9069b"},
    {file = "pymongo-3.11.1-cp37-cp37m-manylinux2014_s390x.whl", hash = "sha256:c7953352bc27ac5fbf79d43ef7bf576ad06fa06c0ae0d6ad7c36b14cd596d565"},
    {file = "pymongo-3.11.1-cp37-cp37m-manylinux2014_x86_64.whl", hash = "sha256:2bcbde25342fa0991b0c144c8eafadc77e605e7940bf462922f6d550f88d6777"},
    {file = "pymongo-3.11.1-cp37-cp37m-win32.whl", hash = "sha256:0dd8c0367639cd5cf84be91af6b733076119745aea6e53fdf9e581819d911eac"},
    {file = "pymongo-3.11.1-cp37-cp37m-win_amd64.whl", hash = "sha256:ae0403befca6a9088be702c1d94fc1b17c333cd84a43328c973d223991c41936"},
    {file = "pymongo-3.11.1-cp38-cp38-macosx_10_9_x86_64.whl", hash = "sha256:c756d00b728f0d5ec65519d9005389fea519b2ad3aef0896c49ce80e6da8b547"},
    {file = "pymongo-3.11.1-cp38-cp38-manylinux1_i686.whl", hash = "sha256:fd09c310c54c6861e1488fcd30ceffa5dcd6c2dfe9f8409f47a8266fdc698547"},
    {file = "pymongo-3.11.1-cp38-cp38-manylinux1_x86_64.whl", hash = "sha256:a08c60335a4b1c6348d5be176f379f7b69f2021d1ebaafb11586007f6268a423"},
    {file = "pymongo-3.11.1-cp38-cp38-manylinux2014_aarch64.whl", hash = "sha256:903396921ad52c63c423683a141391e28edb8b6dfbd2388a6848b052a9e23863"},
    {file = "pymongo-3.11.1-cp38-cp38-manylinux2014_i686.whl", hash = "sha256:2c0b0d201182bfbbfb2c679af3118ca53926a31d8c0c21e9b7943f8264ec0052"},
    {file = "pymongo-3.11.1-cp38-cp38-manylinux2014_ppc64le.whl", hash = "sha256:220216da1d4fb10f941ff5e408f2958896fe534283bb3b1c1c17d4b0ac5d8b45"},
    {file = "pymongo-3.11.1-cp38-cp38-manylinux2014_s390x.whl", hash = "sha256:5a07a9983e0bc51ad61a16c228d1b60d1f98f7df5f225f435b41f8921d335e06"},
    {file = "pymongo-3.11.1-cp38-cp38-manylinux2014_x86_64.whl", hash = "sha256:4f0023db6168f052ffeec435ca0608ffe8abac17a36b8084bdc348c978e08a23"},
    {file = "pymongo-3.11.1-cp38-cp38-win32.whl", hash = "sha256:ebf21c07353d313421212e8ac0b21b6161c81aa71a12471b58629e38c784a751"},
    {file = "pymongo-3.11.1-cp38-cp38-win_amd64.whl", hash = "sha256:c66de369d459f081a1860c58c6218da5e30a4c5d07277526f66f6c0b0efe742f"},
    {file = "pymongo-3.11.1-cp39-cp39-macosx_10_9_x86_64.whl", hash = "sha256:a122c9e30e49bbd8c5c423e3ea2bcff5deb8a2c504d88cbfc3c21b036295bbf3"},
    {file = "pymongo-3.11.1-cp39-cp39-manylinux1_i686.whl", hash = "sha256:00f6c32f86a5bd1cbefcc0a27ea06565628de3bb2e6786d3f0dce0330e70c958"},
    {file = "pymongo-3.11.1-cp39-cp39-manylinux1_x86_64.whl", hash = "sha256:cb81aa36a171ed1c28d615577ab5feae8e0b8e48818833663b446dd2bb8b53cd"},
    {file = "pymongo-3.11.1-cp39-cp39-manylinux2014_aarch64.whl", hash = "sha256:342248b25c193ab20e1145989455d614d4d553334576a72be600ee371fa5de41"},
    {file = "pymongo-3.11.1-cp39-cp39-manylinux2014_i686.whl", hash = "sha256:56bbbccf22fd91ae88b2dffe56dceb84d80fa808065e6bcbedb86ec7e0f84b3b"},
    {file = "pymongo-3.11.1-cp39-cp39-manylinux2014_ppc64le.whl", hash = "sha256:078e74cffb4955a454dd0955c3fa38327185a41447ac4e368f81c2f0c07e6559"},
    {file = "pymongo-3.11.1-cp39-cp39-manylinux2014_s390x.whl", hash = "sha256:251acfa87e07e47044ed7f6157fc63a95020bb4ee9d705fb2faf3b67e6a3574e"},
    {file = "pymongo-3.11.1-cp39-cp39-manylinux2014_x86_64.whl", hash = "sha256:4266ebb14bed0206c73e2f626949679c23a6f935ea4b60529d7c3551f2f3051a"},
    {file = "pymongo-3.11.1-cp39-cp39-win32.whl", hash = "sha256:613d30623bd1f9418d5a6999f73066b01831bf7c7789bc3fe2bf44b5fe5dc67d"},
    {file = "pymongo-3.11.1-cp39-cp39-win_amd64.whl", hash = "sha256:82bc20e554fe9175e6ae53db74c3f094c4d752a55e3b363b93ff93d87a868cb7"},
    {file = "pymongo-3.11.1-py2.7-macosx-10.14-intel.egg", hash = "sha256:3cf7726216a8792d147ba44433fddc19ed149531fb23899ce82d24a0a90ec2fd"},
    {file = "pymongo-3.11.1.tar.gz", hash = "sha256:a9c1a2538cd120283e7137ac97ce27ebdfcb675730c5055d6332b0043f4e5a55"},
]
python-dotenv = [
    {file = "python-dotenv-0.15.0.tar.gz", hash = "sha256:587825ed60b1711daea4832cf37524dfd404325b7db5e25ebe88c495c9f807a0"},
    {file = "python_dotenv-0.15.0-py2.py3-none-any.whl", hash = "sha256:0c8d1b80d1a1e91717ea7d526178e3882732420b03f08afea0406db6402e220e"},
]
pyyaml = [
    {file = "PyYAML-5.3.1-cp27-cp27m-win32.whl", hash = "sha256:74809a57b329d6cc0fdccee6318f44b9b8649961fa73144a98735b0aaf029f1f"},
    {file = "PyYAML-5.3.1-cp27-cp27m-win_amd64.whl", hash = "sha256:240097ff019d7c70a4922b6869d8a86407758333f02203e0fc6ff79c5dcede76"},
    {file = "PyYAML-5.3.1-cp35-cp35m-win32.whl", hash = "sha256:4f4b913ca1a7319b33cfb1369e91e50354d6f07a135f3b901aca02aa95940bd2"},
    {file = "PyYAML-5.3.1-cp35-cp35m-win_amd64.whl", hash = "sha256:cc8955cfbfc7a115fa81d85284ee61147059a753344bc51098f3ccd69b0d7e0c"},
    {file = "PyYAML-5.3.1-cp36-cp36m-win32.whl", hash = "sha256:7739fc0fa8205b3ee8808aea45e968bc90082c10aef6ea95e855e10abf4a37b2"},
    {file = "PyYAML-5.3.1-cp36-cp36m-win_amd64.whl", hash = "sha256:69f00dca373f240f842b2931fb2c7e14ddbacd1397d57157a9b005a6a9942648"},
    {file = "PyYAML-5.3.1-cp37-cp37m-win32.whl", hash = "sha256:d13155f591e6fcc1ec3b30685d50bf0711574e2c0dfffd7644babf8b5102ca1a"},
    {file = "PyYAML-5.3.1-cp37-cp37m-win_amd64.whl", hash = "sha256:73f099454b799e05e5ab51423c7bcf361c58d3206fa7b0d555426b1f4d9a3eaf"},
    {file = "PyYAML-5.3.1-cp38-cp38-win32.whl", hash = "sha256:06a0d7ba600ce0b2d2fe2e78453a470b5a6e000a985dd4a4e54e436cc36b0e97"},
    {file = "PyYAML-5.3.1-cp38-cp38-win_amd64.whl", hash = "sha256:95f71d2af0ff4227885f7a6605c37fd53d3a106fcab511b8860ecca9fcf400ee"},
    {file = "PyYAML-5.3.1.tar.gz", hash = "sha256:b8eac752c5e14d3eca0e6dd9199cd627518cb5ec06add0de9d32baeee6fe645d"},
]
semver = [
    {file = "semver-2.13.0-py2.py3-none-any.whl", hash = "sha256:ced8b23dceb22134307c1b8abfa523da14198793d9787ac838e70e29e77458d4"},
    {file = "semver-2.13.0.tar.gz", hash = "sha256:fa0fe2722ee1c3f57eac478820c3a5ae2f624af8264cbdf9000c980ff7f75e3f"},
]
sentry-sdk = [
    {file = "sentry-sdk-0.19.4.tar.gz", hash = "sha256:1052f0ed084e532f66cb3e4ba617960d820152aee8b93fc6c05bd53861768c1c"},
    {file = "sentry_sdk-0.19.4-py2.py3-none-any.whl", hash = "sha256:4c42910a55a6b1fe694d5e4790d5188d105d77b5a6346c1c64cbea8c06c0e8b7"},
]
strict-rfc3339 = [
    {file = "strict-rfc3339-0.7.tar.gz", hash = "sha256:5cad17bedfc3af57b399db0fed32771f18fc54bbd917e85546088607ac5e1277"},
]
typing-extensions = [
    {file = "typing_extensions-3.7.4.3-py2-none-any.whl", hash = "sha256:dafc7639cde7f1b6e1acc0f457842a83e722ccca8eef5270af2d74792619a89f"},
    {file = "typing_extensions-3.7.4.3-py3-none-any.whl", hash = "sha256:7cb407020f00f7bfc3cb3e7881628838e69d8f3fcab2f64742a5e76b2f841918"},
    {file = "typing_extensions-3.7.4.3.tar.gz", hash = "sha256:99d4073b617d30288f569d3f13d2bd7548c3a7e4c8de87db09a9d29bb3a4a60c"},
]
urllib3 = [
    {file = "urllib3-1.26.2-py2.py3-none-any.whl", hash = "sha256:d8ff90d979214d7b4f8ce956e80f4028fc6860e4431f731ea4a8c08f23f99473"},
    {file = "urllib3-1.26.2.tar.gz", hash = "sha256:19188f96923873c92ccb987120ec4acaa12f0461fa9ce5d3d0772bc965a39e08"},
]
werkzeug = [
    {file = "Werkzeug-1.0.1-py2.py3-none-any.whl", hash = "sha256:2de2a5db0baeae7b2d2664949077c2ac63fbd16d98da0ff71837f7d1dea3fd43"},
    {file = "Werkzeug-1.0.1.tar.gz", hash = "sha256:6c80b1e5ad3665290ea39320b91e1be1e0d5f60652b964a3070216de83d2e47c"},
]
win32-setctime = [
    {file = "win32_setctime-1.0.3-py3-none-any.whl", hash = "sha256:dc925662de0a6eb987f0b01f599c01a8236cb8c62831c22d9cada09ad958243e"},
    {file = "win32_setctime-1.0.3.tar.gz", hash = "sha256:4e88556c32fdf47f64165a2180ba4552f8bb32c1103a2fafd05723a0bd42bd4b"},
]
yarl = [
    {file = "yarl-1.6.3-cp36-cp36m-macosx_10_14_x86_64.whl", hash = "sha256:0355a701b3998dcd832d0dc47cc5dedf3874f966ac7f870e0f3a6788d802d434"},
    {file = "yarl-1.6.3-cp36-cp36m-manylinux1_i686.whl", hash = "sha256:bafb450deef6861815ed579c7a6113a879a6ef58aed4c3a4be54400ae8871478"},
    {file = "yarl-1.6.3-cp36-cp36m-manylinux2014_aarch64.whl", hash = "sha256:547f7665ad50fa8563150ed079f8e805e63dd85def6674c97efd78eed6c224a6"},
    {file = "yarl-1.6.3-cp36-cp36m-manylinux2014_i686.whl", hash = "sha256:63f90b20ca654b3ecc7a8d62c03ffa46999595f0167d6450fa8383bab252987e"},
    {file = "yarl-1.6.3-cp36-cp36m-manylinux2014_ppc64le.whl", hash = "sha256:97b5bdc450d63c3ba30a127d018b866ea94e65655efaf889ebeabc20f7d12406"},
    {file = "yarl-1.6.3-cp36-cp36m-manylinux2014_s390x.whl", hash = "sha256:d8d07d102f17b68966e2de0e07bfd6e139c7c02ef06d3a0f8d2f0f055e13bb76"},
    {file = "yarl-1.6.3-cp36-cp36m-manylinux2014_x86_64.whl", hash = "sha256:15263c3b0b47968c1d90daa89f21fcc889bb4b1aac5555580d74565de6836366"},
    {file = "yarl-1.6.3-cp36-cp36m-win32.whl", hash = "sha256:b5dfc9a40c198334f4f3f55880ecf910adebdcb2a0b9a9c23c9345faa9185721"},
    {file = "yarl-1.6.3-cp36-cp36m-win_amd64.whl", hash = "sha256:b2e9a456c121e26d13c29251f8267541bd75e6a1ccf9e859179701c36a078643"},
    {file = "yarl-1.6.3-cp37-cp37m-macosx_10_14_x86_64.whl", hash = "sha256:ce3beb46a72d9f2190f9e1027886bfc513702d748047b548b05dab7dfb584d2e"},
    {file = "yarl-1.6.3-cp37-cp37m-manylinux1_i686.whl", hash = "sha256:2ce4c621d21326a4a5500c25031e102af589edb50c09b321049e388b3934eec3"},
    {file = "yarl-1.6.3-cp37-cp37m-manylinux2014_aarch64.whl", hash = "sha256:d26608cf178efb8faa5ff0f2d2e77c208f471c5a3709e577a7b3fd0445703ac8"},
    {file = "yarl-1.6.3-cp37-cp37m-manylinux2014_i686.whl", hash = "sha256:4c5bcfc3ed226bf6419f7a33982fb4b8ec2e45785a0561eb99274ebbf09fdd6a"},
    {file = "yarl-1.6.3-cp37-cp37m-manylinux2014_ppc64le.whl", hash = "sha256:4736eaee5626db8d9cda9eb5282028cc834e2aeb194e0d8b50217d707e98bb5c"},
    {file = "yarl-1.6.3-cp37-cp37m-manylinux2014_s390x.whl", hash = "sha256:68dc568889b1c13f1e4745c96b931cc94fdd0defe92a72c2b8ce01091b22e35f"},
    {file = "yarl-1.6.3-cp37-cp37m-manylinux2014_x86_64.whl", hash = "sha256:7356644cbed76119d0b6bd32ffba704d30d747e0c217109d7979a7bc36c4d970"},
    {file = "yarl-1.6.3-cp37-cp37m-win32.whl", hash = "sha256:00d7ad91b6583602eb9c1d085a2cf281ada267e9a197e8b7cae487dadbfa293e"},
    {file = "yarl-1.6.3-cp37-cp37m-win_amd64.whl", hash = "sha256:69ee97c71fee1f63d04c945f56d5d726483c4762845400a6795a3b75d56b6c50"},
    {file = "yarl-1.6.3-cp38-cp38-macosx_10_14_x86_64.whl", hash = "sha256:e46fba844f4895b36f4c398c5af062a9808d1f26b2999c58909517384d5deda2"},
    {file = "yarl-1.6.3-cp38-cp38-manylinux1_i686.whl", hash = "sha256:31ede6e8c4329fb81c86706ba8f6bf661a924b53ba191b27aa5fcee5714d18ec"},
    {file = "yarl-1.6.3-cp38-cp38-manylinux2014_aarch64.whl", hash = "sha256:fcbb48a93e8699eae920f8d92f7160c03567b421bc17362a9ffbbd706a816f71"},
    {file = "yarl-1.6.3-cp38-cp38-manylinux2014_i686.whl", hash = "sha256:72a660bdd24497e3e84f5519e57a9ee9220b6f3ac4d45056961bf22838ce20cc"},
    {file = "yarl-1.6.3-cp38-cp38-manylinux2014_ppc64le.whl", hash = "sha256:324ba3d3c6fee56e2e0b0d09bf5c73824b9f08234339d2b788af65e60040c959"},
    {file = "yarl-1.6.3-cp38-cp38-manylinux2014_s390x.whl", hash = "sha256:e6b5460dc5ad42ad2b36cca524491dfcaffbfd9c8df50508bddc354e787b8dc2"},
    {file = "yarl-1.6.3-cp38-cp38-manylinux2014_x86_64.whl", hash = "sha256:6d6283d8e0631b617edf0fd726353cb76630b83a089a40933043894e7f6721e2"},
    {file = "yarl-1.6.3-cp38-cp38-win32.whl", hash = "sha256:9ede61b0854e267fd565e7527e2f2eb3ef8858b301319be0604177690e1a3896"},
    {file = "yarl-1.6.3-cp38-cp38-win_amd64.whl", hash = "sha256:f0b059678fd549c66b89bed03efcabb009075bd131c248ecdf087bdb6faba24a"},
    {file = "yarl-1.6.3-cp39-cp39-macosx_10_14_x86_64.whl", hash = "sha256:329412812ecfc94a57cd37c9d547579510a9e83c516bc069470db5f75684629e"},
    {file = "yarl-1.6.3-cp39-cp39-manylinux1_i686.whl", hash = "sha256:c49ff66d479d38ab863c50f7bb27dee97c6627c5fe60697de15529da9c3de724"},
    {file = "yarl-1.6.3-cp39-cp39-manylinux2014_aarch64.whl", hash = "sha256:f040bcc6725c821a4c0665f3aa96a4d0805a7aaf2caf266d256b8ed71b9f041c"},
    {file = "yarl-1.6.3-cp39-cp39-manylinux2014_i686.whl", hash = "sha256:d5c32c82990e4ac4d8150fd7652b972216b204de4e83a122546dce571c1bdf25"},
    {file = "yarl-1.6.3-cp39-cp39-manylinux2014_ppc64le.whl", hash = "sha256:d597767fcd2c3dc49d6eea360c458b65643d1e4dbed91361cf5e36e53c1f8c96"},
    {file = "yarl-1.6.3-cp39-cp39-manylinux2014_s390x.whl", hash = "sha256:8aa3decd5e0e852dc68335abf5478a518b41bf2ab2f330fe44916399efedfae0"},
    {file = "yarl-1.6.3-cp39-cp39-manylinux2014_x86_64.whl", hash = "sha256:73494d5b71099ae8cb8754f1df131c11d433b387efab7b51849e7e1e851f07a4"},
    {file = "yarl-1.6.3-cp39-cp39-win32.whl", hash = "sha256:5b883e458058f8d6099e4420f0cc2567989032b5f34b271c0827de9f1079a424"},
    {file = "yarl-1.6.3-cp39-cp39-win_amd64.whl", hash = "sha256:4953fb0b4fdb7e08b2f3b3be80a00d28c5c8a2056bb066169de00e6501b986b6"},
    {file = "yarl-1.6.3.tar.gz", hash = "sha256:8a9066529240171b68893d60dca86a763eae2139dd42f42106b03cf4b426bf10"},
]
